
Microsoft Visual Studio Solution File, Format Version 12.00
# Visual Studio Version 17
VisualStudioVersion = 17.5.33516.290
MinimumVisualStudioVersion = 10.0.40219.1
Project("{FAE04EC0-301F-11D3-BF4B-00C04F79EFBC}") = "HendesiShekiller", "OOP2\HendesiShekiller.csproj", "{B821D89A-1090-4D0F-8A89-8D42437809BF}"
EndProject
Global
	GlobalSection(SolutionConfigurationPlatforms) = preSolution
		Debug|Any CPU = Debug|Any CPU
		Release|Any CPU = Release|Any CPU
	EndGlobalSection
	GlobalSection(ProjectConfigurationPlatforms) = postSolution
		{B821D89A-1090-4D0F-8A89-8D42437809BF}.Debug|Any CPU.ActiveCfg = Debug|Any CPU
		{B821D89A-1090-4D0F-8A89-8D42437809BF}.Debug|Any CPU.Build.0 = Debug|Any CPU
		{B821D89A-1090-4D0F-8A89-8D42437809BF}.Release|Any CPU.ActiveCfg = Release|Any CPU
		{B821D89A-1090-4D0F-8A89-8D42437809BF}.Release|Any CPU.Build.0 = Release|Any CPU
	EndGlobalSection
	GlobalSection(SolutionProperties) = preSolution
		HideSolutionNode = FALSE
	EndGlobalSection
	GlobalSection(ExtensibilityGlobals) = postSolution
		SolutionGuid = {92A95DC4-5DB8-473B-B4A2-8B45E35C0A75}
	EndGlobalSection
EndGlobal
